
Microsoft Visual Studio Solution File, Format Version 12.00
# Visual Studio Version 17
VisualStudioVersion = 17.10.34916.146
MinimumVisualStudioVersion = 10.0.40219.1
Project("{8BC9CEB8-8B4A-11D0-8D11-00A0C91BC942}") = "QSP_Acceleration", "QSP_Acceleration\QSP_Acceleration.vcxproj", "{6370C3D7-FA9D-433C-BEE6-69E0B9278579}"
EndProject
Global
	GlobalSection(SolutionConfigurationPlatforms) = preSolution
		Debug|x64 = Debug|x64
		Release|x64 = Release|x64
	EndGlobalSection
	GlobalSection(ProjectConfigurationPlatforms) = postSolution
		{6370C3D7-FA9D-433C-BEE6-69E0B9278579}.Debug|x64.ActiveCfg = Debug|x64
		{6370C3D7-FA9D-433C-BEE6-69E0B9278579}.Debug|x64.Build.0 = Debug|x64
		{6370C3D7-FA9D-433C-BEE6-69E0B9278579}.Release|x64.ActiveCfg = Release|x64
		{6370C3D7-FA9D-433C-BEE6-69E0B9278579}.Release|x64.Build.0 = Release|x64
	EndGlobalSection
	GlobalSection(SolutionProperties) = preSolution
		HideSolutionNode = FALSE
	EndGlobalSection
	GlobalSection(ExtensibilityGlobals) = postSolution
		SolutionGuid = {50D8BC53-1D25-4C93-9412-9A0F2722D452}
	EndGlobalSection
EndGlobal
